// !$*UTF8*$!
{
	archiveVersion = 1;
	classes = {
	};
	objectVersion = 46;
	objects = {

/* Begin PBXBuildFile section */
		643483AA77AC347184BD2954 /* Pods_Trekkingfy.framework in Frameworks */ = {isa = PBXBuildFile; fileRef = 8E4DDF3173F063A63CBA2CDF /* Pods_Trekkingfy.framework */; };
		930174401ED0DC450077AC0A /* UIColor+ColorFromHEX.swift in Sources */ = {isa = PBXBuildFile; fileRef = 9301743F1ED0DC450077AC0A /* UIColor+ColorFromHEX.swift */; };
		9305033E1F1F5A5A00BD0791 /* VCard.swift in Sources */ = {isa = PBXBuildFile; fileRef = 9305033D1F1F5A5A00BD0791 /* VCard.swift */; };
		93129D941F38EA2900613635 /* GoogleService-Info.plist in Resources */ = {isa = PBXBuildFile; fileRef = 93129D931F38EA2900613635 /* GoogleService-Info.plist */; };
		93241D951F0C1F1700E1D14E /* map-8.png in Resources */ = {isa = PBXBuildFile; fileRef = 93241D941F0C1F1700E1D14E /* map-8.png */; };
		9350B73B1F13C4C500666471 /* DBManager.swift in Sources */ = {isa = PBXBuildFile; fileRef = 9350B73A1F13C4C500666471 /* DBManager.swift */; };
		936BA2FF1F0BE25B005FAD9A /* camera.png in Resources */ = {isa = PBXBuildFile; fileRef = 936BA2FE1F0BE25B005FAD9A /* camera.png */; };
		9372BBF71F3A236D00791BC9 /* Tools.swift in Sources */ = {isa = PBXBuildFile; fileRef = 9372BBF61F3A236D00791BC9 /* Tools.swift */; };
		9372BBFA1F3A252C00791BC9 /* Localizable.strings in Resources */ = {isa = PBXBuildFile; fileRef = 9372BBFC1F3A252C00791BC9 /* Localizable.strings */; };
		9372E4DF1F95FF9100D0CD89 /* IAPHelper.swift in Sources */ = {isa = PBXBuildFile; fileRef = 9372E4DE1F95FF9100D0CD89 /* IAPHelper.swift */; };
		9372E4E11F95FF9A00D0CD89 /* TrekkingfyProducts.swift in Sources */ = {isa = PBXBuildFile; fileRef = 9372E4E01F95FF9A00D0CD89 /* TrekkingfyProducts.swift */; };
		9372E4E31F9603D100D0CD89 /* StoreKit.framework in Frameworks */ = {isa = PBXBuildFile; fileRef = 9372E4E21F9603D100D0CD89 /* StoreKit.framework */; };
		937529EF1F19195B001D67E1 /* route_1.png in Resources */ = {isa = PBXBuildFile; fileRef = 937529EB1F19195B001D67E1 /* route_1.png */; };
		937529F01F19195B001D67E1 /* route_2.png in Resources */ = {isa = PBXBuildFile; fileRef = 937529EC1F19195B001D67E1 /* route_2.png */; };
		937529F11F19195B001D67E1 /* route_3.png in Resources */ = {isa = PBXBuildFile; fileRef = 937529ED1F19195B001D67E1 /* route_3.png */; };
		937529F21F19195B001D67E1 /* route_4.png in Resources */ = {isa = PBXBuildFile; fileRef = 937529EE1F19195B001D67E1 /* route_4.png */; };
		937ED9751ED6DBFE0062A1C5 /* clear-day.png in Resources */ = {isa = PBXBuildFile; fileRef = 937ED96B1ED6DBFE0062A1C5 /* clear-day.png */; };
		937ED9761ED6DBFE0062A1C5 /* clear-night.png in Resources */ = {isa = PBXBuildFile; fileRef = 937ED96C1ED6DBFE0062A1C5 /* clear-night.png */; };
		937ED9771ED6DBFE0062A1C5 /* cloudy.png in Resources */ = {isa = PBXBuildFile; fileRef = 937ED96D1ED6DBFE0062A1C5 /* cloudy.png */; };
		937ED9781ED6DBFE0062A1C5 /* fog.png in Resources */ = {isa = PBXBuildFile; fileRef = 937ED96E1ED6DBFE0062A1C5 /* fog.png */; };
		937ED9791ED6DBFE0062A1C5 /* partly-cloudy-day.png in Resources */ = {isa = PBXBuildFile; fileRef = 937ED96F1ED6DBFE0062A1C5 /* partly-cloudy-day.png */; };
		937ED97A1ED6DBFE0062A1C5 /* partly-cloudy-night.png in Resources */ = {isa = PBXBuildFile; fileRef = 937ED9701ED6DBFE0062A1C5 /* partly-cloudy-night.png */; };
		937ED97B1ED6DBFE0062A1C5 /* rain.png in Resources */ = {isa = PBXBuildFile; fileRef = 937ED9711ED6DBFE0062A1C5 /* rain.png */; };
		937ED97C1ED6DBFE0062A1C5 /* sleet.png in Resources */ = {isa = PBXBuildFile; fileRef = 937ED9721ED6DBFE0062A1C5 /* sleet.png */; };
		937ED97D1ED6DBFE0062A1C5 /* snow.png in Resources */ = {isa = PBXBuildFile; fileRef = 937ED9731ED6DBFE0062A1C5 /* snow.png */; };
		937ED97E1ED6DBFE0062A1C5 /* wind.png in Resources */ = {isa = PBXBuildFile; fileRef = 937ED9741ED6DBFE0062A1C5 /* wind.png */; };
		938FC52D1ED622420024B980 /* UserLocation.swift in Sources */ = {isa = PBXBuildFile; fileRef = 938FC52C1ED622420024B980 /* UserLocation.swift */; };
		93A8669E1ED0CF1C0074BDD6 /* NewRouteViewController.swift in Sources */ = {isa = PBXBuildFile; fileRef = 93A8669D1ED0CF1C0074BDD6 /* NewRouteViewController.swift */; };
		93A866A01ED0D3730074BDD6 /* POIViewCell.swift in Sources */ = {isa = PBXBuildFile; fileRef = 93A8669F1ED0D3730074BDD6 /* POIViewCell.swift */; };
		93A866A31ED0D54C0074BDD6 /* MapKit.framework in Frameworks */ = {isa = PBXBuildFile; fileRef = 93A866A21ED0D54C0074BDD6 /* MapKit.framework */; };
		93B3150D1ED02DDD00DCA53E /* AppDelegate.swift in Sources */ = {isa = PBXBuildFile; fileRef = 93B3150C1ED02DDD00DCA53E /* AppDelegate.swift */; };
		93B3150F1ED02DDD00DCA53E /* MainViewController.swift in Sources */ = {isa = PBXBuildFile; fileRef = 93B3150E1ED02DDD00DCA53E /* MainViewController.swift */; };
		93B315121ED02DDD00DCA53E /* Main.storyboard in Resources */ = {isa = PBXBuildFile; fileRef = 93B315101ED02DDD00DCA53E /* Main.storyboard */; };
		93B315141ED02DDD00DCA53E /* Assets.xcassets in Resources */ = {isa = PBXBuildFile; fileRef = 93B315131ED02DDD00DCA53E /* Assets.xcassets */; };
		93B315171ED02DDD00DCA53E /* LaunchScreen.storyboard in Resources */ = {isa = PBXBuildFile; fileRef = 93B315151ED02DDD00DCA53E /* LaunchScreen.storyboard */; };
		93B315401ED030D800DCA53E /* Route.swift in Sources */ = {isa = PBXBuildFile; fileRef = 93B3153F1ED030D800DCA53E /* Route.swift */; };
		93B315441ED0328D00DCA53E /* RouteViewCell.swift in Sources */ = {isa = PBXBuildFile; fileRef = 93B315431ED0328D00DCA53E /* RouteViewCell.swift */; };
		93BA117E2074E06F00FA73A7 /* FingerAnimationView.swift in Sources */ = {isa = PBXBuildFile; fileRef = 93BA117D2074E06F00FA73A7 /* FingerAnimationView.swift */; };
		93C3014E1F18BD10005B2F87 /* UIImageColor.swift in Sources */ = {isa = PBXBuildFile; fileRef = 93C3014D1F18BD10005B2F87 /* UIImageColor.swift */; };
		93C41F411ED5BEAA006D5DA8 /* SOSModeViewController.swift in Sources */ = {isa = PBXBuildFile; fileRef = 93C41F401ED5BEAA006D5DA8 /* SOSModeViewController.swift */; };
		93C41F431ED5D384006D5DA8 /* arrow.png in Resources */ = {isa = PBXBuildFile; fileRef = 93C41F421ED5D384006D5DA8 /* arrow.png */; };
		93C49AEB1F0265D400408659 /* POIViewText.swift in Sources */ = {isa = PBXBuildFile; fileRef = 93C49AEA1F0265D400408659 /* POIViewText.swift */; };
		93C55E211EE000CB0087E2DE /* close.png in Resources */ = {isa = PBXBuildFile; fileRef = 93C55E201EE000CB0087E2DE /* close.png */; };
		93C55E251EE001ED0087E2DE /* ok.png in Resources */ = {isa = PBXBuildFile; fileRef = 93C55E241EE001ED0087E2DE /* ok.png */; };
		93CC6F521ED82F1A002DB6D8 /* pol.wav in Resources */ = {isa = PBXBuildFile; fileRef = 93CC6F511ED82F1A002DB6D8 /* pol.wav */; };
		93CC6F541ED83A6C002DB6D8 /* PhotoCameraViewController.swift in Sources */ = {isa = PBXBuildFile; fileRef = 93CC6F531ED83A6C002DB6D8 /* PhotoCameraViewController.swift */; };
/* End PBXBuildFile section */

/* Begin PBXFileReference section */
		3284D532E7E4EDAF65032CFB /* Pods-TrekkingfyTests.debug.xcconfig */ = {isa = PBXFileReference; includeInIndex = 1; lastKnownFileType = text.xcconfig; name = "Pods-TrekkingfyTests.debug.xcconfig"; path = "Pods/Target Support Files/Pods-TrekkingfyTests/Pods-TrekkingfyTests.debug.xcconfig"; sourceTree = "<group>"; };
		62F8E212FA6EB66025B2A243 /* Pods_TrekkingfyTests.framework */ = {isa = PBXFileReference; explicitFileType = wrapper.framework; includeInIndex = 0; path = Pods_TrekkingfyTests.framework; sourceTree = BUILT_PRODUCTS_DIR; };
		88B9987B31FEA495267E0093 /* Pods_TrekkingfyUITests.framework */ = {isa = PBXFileReference; explicitFileType = wrapper.framework; includeInIndex = 0; path = Pods_TrekkingfyUITests.framework; sourceTree = BUILT_PRODUCTS_DIR; };
		8E4DDF3173F063A63CBA2CDF /* Pods_Trekkingfy.framework */ = {isa = PBXFileReference; explicitFileType = wrapper.framework; includeInIndex = 0; path = Pods_Trekkingfy.framework; sourceTree = BUILT_PRODUCTS_DIR; };
		9301743F1ED0DC450077AC0A /* UIColor+ColorFromHEX.swift */ = {isa = PBXFileReference; fileEncoding = 4; lastKnownFileType = sourcecode.swift; name = "UIColor+ColorFromHEX.swift"; path = "Views/UI/UIColor+ColorFromHEX.swift"; sourceTree = "<group>"; };
		9305033D1F1F5A5A00BD0791 /* VCard.swift */ = {isa = PBXFileReference; fileEncoding = 4; lastKnownFileType = sourcecode.swift; name = VCard.swift; path = Models/VCard.swift; sourceTree = "<group>"; };
		93129D911F38E8B500613635 /* it */ = {isa = PBXFileReference; lastKnownFileType = text.plist.strings; name = it; path = it.lproj/LaunchScreen.strings; sourceTree = "<group>"; };
		93129D921F38E8B500613635 /* it */ = {isa = PBXFileReference; lastKnownFileType = text.plist.strings; name = it; path = it.lproj/Main.strings; sourceTree = "<group>"; };
		93129D931F38EA2900613635 /* GoogleService-Info.plist */ = {isa = PBXFileReference; fileEncoding = 4; lastKnownFileType = text.plist.xml; path = "GoogleService-Info.plist"; sourceTree = "<group>"; };
		93241D941F0C1F1700E1D14E /* map-8.png */ = {isa = PBXFileReference; lastKnownFileType = image.png; path = "map-8.png"; sourceTree = "<group>"; };
		9350B73A1F13C4C500666471 /* DBManager.swift */ = {isa = PBXFileReference; fileEncoding = 4; lastKnownFileType = sourcecode.swift; name = DBManager.swift; path = Database/DBManager.swift; sourceTree = "<group>"; };
		936BA2FE1F0BE25B005FAD9A /* camera.png */ = {isa = PBXFileReference; lastKnownFileType = image.png; path = camera.png; sourceTree = "<group>"; };
		9372BBF61F3A236D00791BC9 /* Tools.swift */ = {isa = PBXFileReference; fileEncoding = 4; lastKnownFileType = sourcecode.swift; path = Tools.swift; sourceTree = "<group>"; };
		9372BBFB1F3A252C00791BC9 /* Base */ = {isa = PBXFileReference; lastKnownFileType = text.plist.strings; name = Base; path = Base.lproj/Localizable.strings; sourceTree = "<group>"; };
		9372BBFD1F3A252F00791BC9 /* it */ = {isa = PBXFileReference; lastKnownFileType = text.plist.strings; name = it; path = it.lproj/Localizable.strings; sourceTree = "<group>"; };
		9372E4DE1F95FF9100D0CD89 /* IAPHelper.swift */ = {isa = PBXFileReference; lastKnownFileType = sourcecode.swift; path = IAPHelper.swift; sourceTree = "<group>"; };
		9372E4E01F95FF9A00D0CD89 /* TrekkingfyProducts.swift */ = {isa = PBXFileReference; lastKnownFileType = sourcecode.swift; path = TrekkingfyProducts.swift; sourceTree = "<group>"; };
		9372E4E21F9603D100D0CD89 /* StoreKit.framework */ = {isa = PBXFileReference; lastKnownFileType = wrapper.framework; name = StoreKit.framework; path = System/Library/Frameworks/StoreKit.framework; sourceTree = SDKROOT; };
		937529EB1F19195B001D67E1 /* route_1.png */ = {isa = PBXFileReference; lastKnownFileType = image.png; path = route_1.png; sourceTree = "<group>"; };
		937529EC1F19195B001D67E1 /* route_2.png */ = {isa = PBXFileReference; lastKnownFileType = image.png; path = route_2.png; sourceTree = "<group>"; };
		937529ED1F19195B001D67E1 /* route_3.png */ = {isa = PBXFileReference; lastKnownFileType = image.png; path = route_3.png; sourceTree = "<group>"; };
		937529EE1F19195B001D67E1 /* route_4.png */ = {isa = PBXFileReference; lastKnownFileType = image.png; path = route_4.png; sourceTree = "<group>"; };
		937ED96B1ED6DBFE0062A1C5 /* clear-day.png */ = {isa = PBXFileReference; lastKnownFileType = image.png; path = "clear-day.png"; sourceTree = "<group>"; };
		937ED96C1ED6DBFE0062A1C5 /* clear-night.png */ = {isa = PBXFileReference; lastKnownFileType = image.png; path = "clear-night.png"; sourceTree = "<group>"; };
		937ED96D1ED6DBFE0062A1C5 /* cloudy.png */ = {isa = PBXFileReference; lastKnownFileType = image.png; path = cloudy.png; sourceTree = "<group>"; };
		937ED96E1ED6DBFE0062A1C5 /* fog.png */ = {isa = PBXFileReference; lastKnownFileType = image.png; path = fog.png; sourceTree = "<group>"; };
		937ED96F1ED6DBFE0062A1C5 /* partly-cloudy-day.png */ = {isa = PBXFileReference; lastKnownFileType = image.png; path = "partly-cloudy-day.png"; sourceTree = "<group>"; };
		937ED9701ED6DBFE0062A1C5 /* partly-cloudy-night.png */ = {isa = PBXFileReference; lastKnownFileType = image.png; path = "partly-cloudy-night.png"; sourceTree = "<group>"; };
		937ED9711ED6DBFE0062A1C5 /* rain.png */ = {isa = PBXFileReference; lastKnownFileType = image.png; path = rain.png; sourceTree = "<group>"; };
		937ED9721ED6DBFE0062A1C5 /* sleet.png */ = {isa = PBXFileReference; lastKnownFileType = image.png; path = sleet.png; sourceTree = "<group>"; };
		937ED9731ED6DBFE0062A1C5 /* snow.png */ = {isa = PBXFileReference; lastKnownFileType = image.png; path = snow.png; sourceTree = "<group>"; };
		937ED9741ED6DBFE0062A1C5 /* wind.png */ = {isa = PBXFileReference; lastKnownFileType = image.png; path = wind.png; sourceTree = "<group>"; };
		938FC52C1ED622420024B980 /* UserLocation.swift */ = {isa = PBXFileReference; fileEncoding = 4; lastKnownFileType = sourcecode.swift; path = UserLocation.swift; sourceTree = "<group>"; };
		93A8669D1ED0CF1C0074BDD6 /* NewRouteViewController.swift */ = {isa = PBXFileReference; fileEncoding = 4; lastKnownFileType = sourcecode.swift; name = NewRouteViewController.swift; path = Views/ViewController/NewRouteViewController.swift; sourceTree = "<group>"; };
		93A8669F1ED0D3730074BDD6 /* POIViewCell.swift */ = {isa = PBXFileReference; fileEncoding = 4; lastKnownFileType = sourcecode.swift; name = POIViewCell.swift; path = Views/UI/POIViewCell.swift; sourceTree = "<group>"; };
		93A866A21ED0D54C0074BDD6 /* MapKit.framework */ = {isa = PBXFileReference; lastKnownFileType = wrapper.framework; name = MapKit.framework; path = System/Library/Frameworks/MapKit.framework; sourceTree = SDKROOT; };
		93B315091ED02DDD00DCA53E /* Trekkingfy.app */ = {isa = PBXFileReference; explicitFileType = wrapper.application; includeInIndex = 0; path = Trekkingfy.app; sourceTree = BUILT_PRODUCTS_DIR; };
		93B3150C1ED02DDD00DCA53E /* AppDelegate.swift */ = {isa = PBXFileReference; lastKnownFileType = sourcecode.swift; path = AppDelegate.swift; sourceTree = "<group>"; };
		93B3150E1ED02DDD00DCA53E /* MainViewController.swift */ = {isa = PBXFileReference; lastKnownFileType = sourcecode.swift; path = MainViewController.swift; sourceTree = "<group>"; };
		93B315111ED02DDD00DCA53E /* Base */ = {isa = PBXFileReference; lastKnownFileType = file.storyboard; name = Base; path = Base.lproj/Main.storyboard; sourceTree = "<group>"; };
		93B315131ED02DDD00DCA53E /* Assets.xcassets */ = {isa = PBXFileReference; lastKnownFileType = folder.assetcatalog; path = Assets.xcassets; sourceTree = "<group>"; };
		93B315161ED02DDD00DCA53E /* Base */ = {isa = PBXFileReference; lastKnownFileType = file.storyboard; name = Base; path = Base.lproj/LaunchScreen.storyboard; sourceTree = "<group>"; };
		93B315181ED02DDD00DCA53E /* Info.plist */ = {isa = PBXFileReference; lastKnownFileType = text.plist.xml; path = Info.plist; sourceTree = "<group>"; };
		93B315211ED02DDD00DCA53E /* TrekkingfyTests.swift */ = {isa = PBXFileReference; lastKnownFileType = sourcecode.swift; path = TrekkingfyTests.swift; sourceTree = "<group>"; };
		93B315231ED02DDD00DCA53E /* Info.plist */ = {isa = PBXFileReference; lastKnownFileType = text.plist.xml; path = Info.plist; sourceTree = "<group>"; };
		93B3152C1ED02DDD00DCA53E /* TrekkingfyUITests.swift */ = {isa = PBXFileReference; lastKnownFileType = sourcecode.swift; path = TrekkingfyUITests.swift; sourceTree = "<group>"; };
		93B3152E1ED02DDD00DCA53E /* Info.plist */ = {isa = PBXFileReference; lastKnownFileType = text.plist.xml; path = Info.plist; sourceTree = "<group>"; };
		93B3153F1ED030D800DCA53E /* Route.swift */ = {isa = PBXFileReference; fileEncoding = 4; lastKnownFileType = sourcecode.swift; name = Route.swift; path = Models/Route.swift; sourceTree = "<group>"; };
		93B315431ED0328D00DCA53E /* RouteViewCell.swift */ = {isa = PBXFileReference; fileEncoding = 4; lastKnownFileType = sourcecode.swift; name = RouteViewCell.swift; path = Views/UI/RouteViewCell.swift; sourceTree = "<group>"; };
		93BA117D2074E06F00FA73A7 /* FingerAnimationView.swift */ = {isa = PBXFileReference; lastKnownFileType = sourcecode.swift; path = FingerAnimationView.swift; sourceTree = "<group>"; };
		93C3014D1F18BD10005B2F87 /* UIImageColor.swift */ = {isa = PBXFileReference; fileEncoding = 4; lastKnownFileType = sourcecode.swift; path = UIImageColor.swift; sourceTree = "<group>"; };
		93C41F401ED5BEAA006D5DA8 /* SOSModeViewController.swift */ = {isa = PBXFileReference; fileEncoding = 4; lastKnownFileType = sourcecode.swift; name = SOSModeViewController.swift; path = Views/ViewController/SOSModeViewController.swift; sourceTree = "<group>"; };
		93C41F421ED5D384006D5DA8 /* arrow.png */ = {isa = PBXFileReference; lastKnownFileType = image.png; path = arrow.png; sourceTree = "<group>"; };
		93C49AEA1F0265D400408659 /* POIViewText.swift */ = {isa = PBXFileReference; fileEncoding = 4; lastKnownFileType = sourcecode.swift; name = POIViewText.swift; path = Views/UI/POIViewText.swift; sourceTree = "<group>"; };
		93C55E201EE000CB0087E2DE /* close.png */ = {isa = PBXFileReference; lastKnownFileType = image.png; path = close.png; sourceTree = "<group>"; };
		93C55E241EE001ED0087E2DE /* ok.png */ = {isa = PBXFileReference; lastKnownFileType = image.png; path = ok.png; sourceTree = "<group>"; };
		93CC6F511ED82F1A002DB6D8 /* pol.wav */ = {isa = PBXFileReference; lastKnownFileType = audio.wav; path = pol.wav; sourceTree = "<group>"; };
		93CC6F531ED83A6C002DB6D8 /* PhotoCameraViewController.swift */ = {isa = PBXFileReference; fileEncoding = 4; lastKnownFileType = sourcecode.swift; path = PhotoCameraViewController.swift; sourceTree = "<group>"; };
		B53A0C13E9095067DC88E6C7 /* Pods-TrekkingfyUITests.debug.xcconfig */ = {isa = PBXFileReference; includeInIndex = 1; lastKnownFileType = text.xcconfig; name = "Pods-TrekkingfyUITests.debug.xcconfig"; path = "Pods/Target Support Files/Pods-TrekkingfyUITests/Pods-TrekkingfyUITests.debug.xcconfig"; sourceTree = "<group>"; };
		CF0A44EFB1739375CBBC5B83 /* Pods-TrekkingfyTests.release.xcconfig */ = {isa = PBXFileReference; includeInIndex = 1; lastKnownFileType = text.xcconfig; name = "Pods-TrekkingfyTests.release.xcconfig"; path = "Pods/Target Support Files/Pods-TrekkingfyTests/Pods-TrekkingfyTests.release.xcconfig"; sourceTree = "<group>"; };
		D71A62749D98FC1D809AA0B8 /* Pods-Trekkingfy.release.xcconfig */ = {isa = PBXFileReference; includeInIndex = 1; lastKnownFileType = text.xcconfig; name = "Pods-Trekkingfy.release.xcconfig"; path = "Pods/Target Support Files/Pods-Trekkingfy/Pods-Trekkingfy.release.xcconfig"; sourceTree = "<group>"; };
		E61483E2C932FA5792656F16 /* Pods-TrekkingfyUITests.release.xcconfig */ = {isa = PBXFileReference; includeInIndex = 1; lastKnownFileType = text.xcconfig; name = "Pods-TrekkingfyUITests.release.xcconfig"; path = "Pods/Target Support Files/Pods-TrekkingfyUITests/Pods-TrekkingfyUITests.release.xcconfig"; sourceTree = "<group>"; };
		F06F62AC6B7DB98D4F94F5FF /* Pods-Trekkingfy.debug.xcconfig */ = {isa = PBXFileReference; includeInIndex = 1; lastKnownFileType = text.xcconfig; name = "Pods-Trekkingfy.debug.xcconfig"; path = "Pods/Target Support Files/Pods-Trekkingfy/Pods-Trekkingfy.debug.xcconfig"; sourceTree = "<group>"; };
/* End PBXFileReference section */

/* Begin PBXFrameworksBuildPhase section */
		93B315061ED02DDD00DCA53E /* Frameworks */ = {
			isa = PBXFrameworksBuildPhase;
			buildActionMask = 2147483647;
			files = (
				9372E4E31F9603D100D0CD89 /* StoreKit.framework in Frameworks */,
				93A866A31ED0D54C0074BDD6 /* MapKit.framework in Frameworks */,
				643483AA77AC347184BD2954 /* Pods_Trekkingfy.framework in Frameworks */,
			);
			runOnlyForDeploymentPostprocessing = 0;
		};
/* End PBXFrameworksBuildPhase section */

/* Begin PBXGroup section */
		930217D41ED6C65F00B24269 /* Img */ = {
			isa = PBXGroup;
			children = (
				937529EA1F19194D001D67E1 /* Route */,
				93241D941F0C1F1700E1D14E /* map-8.png */,
				936BA2FE1F0BE25B005FAD9A /* camera.png */,
				93C55E241EE001ED0087E2DE /* ok.png */,
				93C55E201EE000CB0087E2DE /* close.png */,
				937ED8D41ED6D6A60062A1C5 /* Clima */,
				93C41F421ED5D384006D5DA8 /* arrow.png */,
			);
			name = Img;
			sourceTree = "<group>";
		};
		9350B7391F13C4A400666471 /* Database */ = {
			isa = PBXGroup;
			children = (
				9350B73A1F13C4C500666471 /* DBManager.swift */,
			);
			name = Database;
			sourceTree = "<group>";
		};
		937529EA1F19194D001D67E1 /* Route */ = {
			isa = PBXGroup;
			children = (
				937529EB1F19195B001D67E1 /* route_1.png */,
				937529EC1F19195B001D67E1 /* route_2.png */,
				937529ED1F19195B001D67E1 /* route_3.png */,
				937529EE1F19195B001D67E1 /* route_4.png */,
			);
			name = Route;
			sourceTree = "<group>";
		};
		937ED8D41ED6D6A60062A1C5 /* Clima */ = {
			isa = PBXGroup;
			children = (
				937ED96A1ED6DBFE0062A1C5 /* PNG */,
			);
			name = Clima;
			sourceTree = "<group>";
		};
		937ED96A1ED6DBFE0062A1C5 /* PNG */ = {
			isa = PBXGroup;
			children = (
				937ED96B1ED6DBFE0062A1C5 /* clear-day.png */,
				937ED96C1ED6DBFE0062A1C5 /* clear-night.png */,
				937ED96D1ED6DBFE0062A1C5 /* cloudy.png */,
				937ED96E1ED6DBFE0062A1C5 /* fog.png */,
				937ED96F1ED6DBFE0062A1C5 /* partly-cloudy-day.png */,
				937ED9701ED6DBFE0062A1C5 /* partly-cloudy-night.png */,
				937ED9711ED6DBFE0062A1C5 /* rain.png */,
				937ED9721ED6DBFE0062A1C5 /* sleet.png */,
				937ED9731ED6DBFE0062A1C5 /* snow.png */,
				937ED9741ED6DBFE0062A1C5 /* wind.png */,
			);
			path = PNG;
			sourceTree = "<group>";
		};
		93A866A11ED0D54C0074BDD6 /* Frameworks */ = {
			isa = PBXGroup;
			children = (
				9372E4E21F9603D100D0CD89 /* StoreKit.framework */,
				93A866A21ED0D54C0074BDD6 /* MapKit.framework */,
				8E4DDF3173F063A63CBA2CDF /* Pods_Trekkingfy.framework */,
				62F8E212FA6EB66025B2A243 /* Pods_TrekkingfyTests.framework */,
				88B9987B31FEA495267E0093 /* Pods_TrekkingfyUITests.framework */,
			);
			name = Frameworks;
			sourceTree = "<group>";
		};
		93B315001ED02DDD00DCA53E = {
			isa = PBXGroup;
			children = (
				93B3150B1ED02DDD00DCA53E /* Trekkingfy */,
				93B315201ED02DDD00DCA53E /* TrekkingfyTests */,
				93B3152B1ED02DDD00DCA53E /* TrekkingfyUITests */,
				93B3150A1ED02DDD00DCA53E /* Products */,
				93A866A11ED0D54C0074BDD6 /* Frameworks */,
				BEE0805236D5764C0CF18875 /* Pods */,
			);
			sourceTree = "<group>";
		};
		93B3150A1ED02DDD00DCA53E /* Products */ = {
			isa = PBXGroup;
			children = (
				93B315091ED02DDD00DCA53E /* Trekkingfy.app */,
			);
			name = Products;
			sourceTree = "<group>";
		};
		93B3150B1ED02DDD00DCA53E /* Trekkingfy */ = {
			isa = PBXGroup;
			children = (
				93CC6F4F1ED82EEC002DB6D8 /* Assets */,
				93B3153B1ED0303800DCA53E /* Class */,
				93B3153A1ED0302A00DCA53E /* Views */,
				93B315131ED02DDD00DCA53E /* Assets.xcassets */,
				93129D931F38EA2900613635 /* GoogleService-Info.plist */,
				93B315181ED02DDD00DCA53E /* Info.plist */,
				9372BBFC1F3A252C00791BC9 /* Localizable.strings */,
			);
			path = Trekkingfy;
			sourceTree = "<group>";
		};
		93B315201ED02DDD00DCA53E /* TrekkingfyTests */ = {
			isa = PBXGroup;
			children = (
				93B315211ED02DDD00DCA53E /* TrekkingfyTests.swift */,
				93B315231ED02DDD00DCA53E /* Info.plist */,
			);
			path = TrekkingfyTests;
			sourceTree = "<group>";
		};
		93B3152B1ED02DDD00DCA53E /* TrekkingfyUITests */ = {
			isa = PBXGroup;
			children = (
				93B3152C1ED02DDD00DCA53E /* TrekkingfyUITests.swift */,
				93B3152E1ED02DDD00DCA53E /* Info.plist */,
			);
			path = TrekkingfyUITests;
			sourceTree = "<group>";
		};
		93B3153A1ED0302A00DCA53E /* Views */ = {
			isa = PBXGroup;
			children = (
				93B315151ED02DDD00DCA53E /* LaunchScreen.storyboard */,
				93B315101ED02DDD00DCA53E /* Main.storyboard */,
				93B315421ED0324C00DCA53E /* UI */,
			);
			name = Views;
			sourceTree = "<group>";
		};
		93B3153B1ED0303800DCA53E /* Class */ = {
			isa = PBXGroup;
			children = (
				9350B7391F13C4A400666471 /* Database */,
				93B315411ED030E000DCA53E /* Controller */,
				93B3153E1ED0308000DCA53E /* Model */,
				93B3153C1ED0304800DCA53E /* Base */,
			);
			name = Class;
			sourceTree = "<group>";
		};
		93B3153C1ED0304800DCA53E /* Base */ = {
			isa = PBXGroup;
			children = (
				9372E4E01F95FF9A00D0CD89 /* TrekkingfyProducts.swift */,
				9372E4DE1F95FF9100D0CD89 /* IAPHelper.swift */,
				93B3150C1ED02DDD00DCA53E /* AppDelegate.swift */,
				938FC52C1ED622420024B980 /* UserLocation.swift */,
				93C3014D1F18BD10005B2F87 /* UIImageColor.swift */,
				9372BBF61F3A236D00791BC9 /* Tools.swift */,
				93BA117D2074E06F00FA73A7 /* FingerAnimationView.swift */,
			);
			name = Base;
			sourceTree = "<group>";
		};
		93B3153E1ED0308000DCA53E /* Model */ = {
			isa = PBXGroup;
			children = (
				93B3153F1ED030D800DCA53E /* Route.swift */,
				9305033D1F1F5A5A00BD0791 /* VCard.swift */,
			);
			name = Model;
			sourceTree = "<group>";
		};
		93B315411ED030E000DCA53E /* Controller */ = {
			isa = PBXGroup;
			children = (
				93B3150E1ED02DDD00DCA53E /* MainViewController.swift */,
				93A8669D1ED0CF1C0074BDD6 /* NewRouteViewController.swift */,
				93C41F401ED5BEAA006D5DA8 /* SOSModeViewController.swift */,
				93CC6F531ED83A6C002DB6D8 /* PhotoCameraViewController.swift */,
			);
			name = Controller;
			sourceTree = "<group>";
		};
		93B315421ED0324C00DCA53E /* UI */ = {
			isa = PBXGroup;
			children = (
				93C49AEA1F0265D400408659 /* POIViewText.swift */,
				93B315431ED0328D00DCA53E /* RouteViewCell.swift */,
				93A8669F1ED0D3730074BDD6 /* POIViewCell.swift */,
				9301743F1ED0DC450077AC0A /* UIColor+ColorFromHEX.swift */,
			);
			name = UI;
			sourceTree = "<group>";
		};
		93CC6F4F1ED82EEC002DB6D8 /* Assets */ = {
			isa = PBXGroup;
			children = (
				93CC6F501ED82F11002DB6D8 /* Snd */,
				930217D41ED6C65F00B24269 /* Img */,
			);
			name = Assets;
			sourceTree = "<group>";
		};
		93CC6F501ED82F11002DB6D8 /* Snd */ = {
			isa = PBXGroup;
			children = (
				93CC6F511ED82F1A002DB6D8 /* pol.wav */,
			);
			name = Snd;
			sourceTree = "<group>";
		};
		BEE0805236D5764C0CF18875 /* Pods */ = {
			isa = PBXGroup;
			children = (
				F06F62AC6B7DB98D4F94F5FF /* Pods-Trekkingfy.debug.xcconfig */,
				D71A62749D98FC1D809AA0B8 /* Pods-Trekkingfy.release.xcconfig */,
				3284D532E7E4EDAF65032CFB /* Pods-TrekkingfyTests.debug.xcconfig */,
				CF0A44EFB1739375CBBC5B83 /* Pods-TrekkingfyTests.release.xcconfig */,
				B53A0C13E9095067DC88E6C7 /* Pods-TrekkingfyUITests.debug.xcconfig */,
				E61483E2C932FA5792656F16 /* Pods-TrekkingfyUITests.release.xcconfig */,
			);
			name = Pods;
			sourceTree = "<group>";
		};
/* End PBXGroup section */

/* Begin PBXNativeTarget section */
		93B315081ED02DDD00DCA53E /* Trekkingfy */ = {
			isa = PBXNativeTarget;
			buildConfigurationList = 93B315311ED02DDE00DCA53E /* Build configuration list for PBXNativeTarget "Trekkingfy" */;
			buildPhases = (
				B16C0300BDDA824A9D305BEE /* [CP] Check Pods Manifest.lock */,
				93B315051ED02DDD00DCA53E /* Sources */,
				93B315061ED02DDD00DCA53E /* Frameworks */,
				93B315071ED02DDD00DCA53E /* Resources */,
				BAB65258AC7A964F2177B60D /* [CP] Embed Pods Frameworks */,
				F30B9E2401B4C627D94DC0C3 /* [CP] Copy Pods Resources */,
			);
			buildRules = (
			);
			dependencies = (
			);
			name = Trekkingfy;
			productName = Trekkingfy;
			productReference = 93B315091ED02DDD00DCA53E /* Trekkingfy.app */;
			productType = "com.apple.product-type.application";
		};
/* End PBXNativeTarget section */

/* Begin PBXProject section */
		93B315011ED02DDD00DCA53E /* Project object */ = {
			isa = PBXProject;
			attributes = {
				LastSwiftUpdateCheck = 0830;
				LastUpgradeCheck = 0900;
				ORGANIZATIONNAME = "Riccardo Rizzo";
				TargetAttributes = {
					93B315081ED02DDD00DCA53E = {
						CreatedOnToolsVersion = 8.3.2;
						DevelopmentTeam = RKD82WWETR;
						LastSwiftMigration = 0830;
						ProvisioningStyle = Automatic;
						SystemCapabilities = {
							com.apple.BackgroundModes = {
								enabled = 1;
							};
							com.apple.InAppPurchase = {
								enabled = 1;
							};
							com.apple.Maps.iOS = {
								enabled = 1;
							};
						};
					};
				};
			};
			buildConfigurationList = 93B315041ED02DDD00DCA53E /* Build configuration list for PBXProject "Trekkingfy" */;
			compatibilityVersion = "Xcode 3.2";
			developmentRegion = English;
			hasScannedForEncodings = 0;
			knownRegions = (
				en,
				Base,
				it,
			);
			mainGroup = 93B315001ED02DDD00DCA53E;
			productRefGroup = 93B3150A1ED02DDD00DCA53E /* Products */;
			projectDirPath = "";
			projectRoot = "";
			targets = (
				93B315081ED02DDD00DCA53E /* Trekkingfy */,
			);
		};
/* End PBXProject section */

/* Begin PBXResourcesBuildPhase section */
		93B315071ED02DDD00DCA53E /* Resources */ = {
			isa = PBXResourcesBuildPhase;
			buildActionMask = 2147483647;
			files = (
				937ED9761ED6DBFE0062A1C5 /* clear-night.png in Resources */,
				93241D951F0C1F1700E1D14E /* map-8.png in Resources */,
				93C55E251EE001ED0087E2DE /* ok.png in Resources */,
				937529F21F19195B001D67E1 /* route_4.png in Resources */,
				937ED9771ED6DBFE0062A1C5 /* cloudy.png in Resources */,
				9372BBFA1F3A252C00791BC9 /* Localizable.strings in Resources */,
				937ED97E1ED6DBFE0062A1C5 /* wind.png in Resources */,
				936BA2FF1F0BE25B005FAD9A /* camera.png in Resources */,
				937ED9751ED6DBFE0062A1C5 /* clear-day.png in Resources */,
				937ED9781ED6DBFE0062A1C5 /* fog.png in Resources */,
				93B315171ED02DDD00DCA53E /* LaunchScreen.storyboard in Resources */,
				937ED97A1ED6DBFE0062A1C5 /* partly-cloudy-night.png in Resources */,
				93CC6F521ED82F1A002DB6D8 /* pol.wav in Resources */,
				937ED9791ED6DBFE0062A1C5 /* partly-cloudy-day.png in Resources */,
				937529F01F19195B001D67E1 /* route_2.png in Resources */,
				93B315141ED02DDD00DCA53E /* Assets.xcassets in Resources */,
				937529EF1F19195B001D67E1 /* route_1.png in Resources */,
				93C55E211EE000CB0087E2DE /* close.png in Resources */,
				93129D941F38EA2900613635 /* GoogleService-Info.plist in Resources */,
				937ED97D1ED6DBFE0062A1C5 /* snow.png in Resources */,
				93B315121ED02DDD00DCA53E /* Main.storyboard in Resources */,
				93C41F431ED5D384006D5DA8 /* arrow.png in Resources */,
				937529F11F19195B001D67E1 /* route_3.png in Resources */,
				937ED97B1ED6DBFE0062A1C5 /* rain.png in Resources */,
				937ED97C1ED6DBFE0062A1C5 /* sleet.png in Resources */,
			);
			runOnlyForDeploymentPostprocessing = 0;
		};
/* End PBXResourcesBuildPhase section */

/* Begin PBXShellScriptBuildPhase section */
		B16C0300BDDA824A9D305BEE /* [CP] Check Pods Manifest.lock */ = {
			isa = PBXShellScriptBuildPhase;
			buildActionMask = 2147483647;
			files = (
			);
			inputPaths = (
			);
			name = "[CP] Check Pods Manifest.lock";
			outputPaths = (
			);
			runOnlyForDeploymentPostprocessing = 0;
			shellPath = /bin/sh;
			shellScript = "diff \"${PODS_PODFILE_DIR_PATH}/Podfile.lock\" \"${PODS_ROOT}/Manifest.lock\" > /dev/null\nif [ $? != 0 ] ; then\n    # print error to STDERR\n    echo \"error: The sandbox is not in sync with the Podfile.lock. Run 'pod install' or update your CocoaPods installation.\" >&2\n    exit 1\nfi\n";
			showEnvVarsInLog = 0;
		};
		BAB65258AC7A964F2177B60D /* [CP] Embed Pods Frameworks */ = {
			isa = PBXShellScriptBuildPhase;
			buildActionMask = 2147483647;
			files = (
			);
			inputPaths = (
			);
			name = "[CP] Embed Pods Frameworks";
			outputPaths = (
			);
			runOnlyForDeploymentPostprocessing = 0;
			shellPath = /bin/sh;
			shellScript = "\"${SRCROOT}/Pods/Target Support Files/Pods-Trekkingfy/Pods-Trekkingfy-frameworks.sh\"\n";
			showEnvVarsInLog = 0;
		};
		F30B9E2401B4C627D94DC0C3 /* [CP] Copy Pods Resources */ = {
			isa = PBXShellScriptBuildPhase;
			buildActionMask = 2147483647;
			files = (
			);
			inputPaths = (
			);
			name = "[CP] Copy Pods Resources";
			outputPaths = (
			);
			runOnlyForDeploymentPostprocessing = 0;
			shellPath = /bin/sh;
			shellScript = "\"${SRCROOT}/Pods/Target Support Files/Pods-Trekkingfy/Pods-Trekkingfy-resources.sh\"\n";
			showEnvVarsInLog = 0;
		};
/* End PBXShellScriptBuildPhase section */

/* Begin PBXSourcesBuildPhase section */
		93B315051ED02DDD00DCA53E /* Sources */ = {
			isa = PBXSourcesBuildPhase;
			buildActionMask = 2147483647;
			files = (
				9372E4E11F95FF9A00D0CD89 /* TrekkingfyProducts.swift in Sources */,
				93B315401ED030D800DCA53E /* Route.swift in Sources */,
				93C49AEB1F0265D400408659 /* POIViewText.swift in Sources */,
				9305033E1F1F5A5A00BD0791 /* VCard.swift in Sources */,
				93B3150F1ED02DDD00DCA53E /* MainViewController.swift in Sources */,
				9372E4DF1F95FF9100D0CD89 /* IAPHelper.swift in Sources */,
				930174401ED0DC450077AC0A /* UIColor+ColorFromHEX.swift in Sources */,
				938FC52D1ED622420024B980 /* UserLocation.swift in Sources */,
				93B315441ED0328D00DCA53E /* RouteViewCell.swift in Sources */,
				93A866A01ED0D3730074BDD6 /* POIViewCell.swift in Sources */,
				9350B73B1F13C4C500666471 /* DBManager.swift in Sources */,
				9372BBF71F3A236D00791BC9 /* Tools.swift in Sources */,
				93CC6F541ED83A6C002DB6D8 /* PhotoCameraViewController.swift in Sources */,
				93C3014E1F18BD10005B2F87 /* UIImageColor.swift in Sources */,
				93BA117E2074E06F00FA73A7 /* FingerAnimationView.swift in Sources */,
				93B3150D1ED02DDD00DCA53E /* AppDelegate.swift in Sources */,
				93A8669E1ED0CF1C0074BDD6 /* NewRouteViewController.swift in Sources */,
				93C41F411ED5BEAA006D5DA8 /* SOSModeViewController.swift in Sources */,
			);
			runOnlyForDeploymentPostprocessing = 0;
		};
/* End PBXSourcesBuildPhase section */

/* Begin PBXVariantGroup section */
		9372BBFC1F3A252C00791BC9 /* Localizable.strings */ = {
			isa = PBXVariantGroup;
			children = (
				9372BBFB1F3A252C00791BC9 /* Base */,
				9372BBFD1F3A252F00791BC9 /* it */,
			);
			name = Localizable.strings;
			sourceTree = "<group>";
		};
		93B315101ED02DDD00DCA53E /* Main.storyboard */ = {
			isa = PBXVariantGroup;
			children = (
				93B315111ED02DDD00DCA53E /* Base */,
				93129D921F38E8B500613635 /* it */,
			);
			name = Main.storyboard;
			sourceTree = "<group>";
		};
		93B315151ED02DDD00DCA53E /* LaunchScreen.storyboard */ = {
			isa = PBXVariantGroup;
			children = (
				93B315161ED02DDD00DCA53E /* Base */,
				93129D911F38E8B500613635 /* it */,
			);
			name = LaunchScreen.storyboard;
			sourceTree = "<group>";
		};
/* End PBXVariantGroup section */

/* Begin XCBuildConfiguration section */
		93B3152F1ED02DDE00DCA53E /* Debug */ = {
			isa = XCBuildConfiguration;
			buildSettings = {
				ALWAYS_SEARCH_USER_PATHS = NO;
				CLANG_ANALYZER_LOCALIZABILITY_NONLOCALIZED = YES;
				CLANG_ANALYZER_NONNULL = YES;
				CLANG_ANALYZER_NUMBER_OBJECT_CONVERSION = YES_AGGRESSIVE;
				CLANG_CXX_LANGUAGE_STANDARD = "gnu++0x";
				CLANG_CXX_LIBRARY = "libc++";
				CLANG_ENABLE_MODULES = YES;
				CLANG_ENABLE_OBJC_ARC = YES;
				CLANG_WARN_BLOCK_CAPTURE_AUTORELEASING = YES;
				CLANG_WARN_BOOL_CONVERSION = YES;
				CLANG_WARN_COMMA = YES;
				CLANG_WARN_CONSTANT_CONVERSION = YES;
				CLANG_WARN_DIRECT_OBJC_ISA_USAGE = YES_ERROR;
				CLANG_WARN_DOCUMENTATION_COMMENTS = YES;
				CLANG_WARN_EMPTY_BODY = YES;
				CLANG_WARN_ENUM_CONVERSION = YES;
				CLANG_WARN_INFINITE_RECURSION = YES;
				CLANG_WARN_INT_CONVERSION = YES;
				CLANG_WARN_NON_LITERAL_NULL_CONVERSION = YES;
				CLANG_WARN_OBJC_LITERAL_CONVERSION = YES;
				CLANG_WARN_OBJC_ROOT_CLASS = YES_ERROR;
				CLANG_WARN_RANGE_LOOP_ANALYSIS = YES;
				CLANG_WARN_STRICT_PROTOTYPES = YES;
				CLANG_WARN_SUSPICIOUS_MOVE = YES;
				CLANG_WARN_UNREACHABLE_CODE = YES;
				CLANG_WARN__DUPLICATE_METHOD_MATCH = YES;
				"CODE_SIGN_IDENTITY[sdk=iphoneos*]" = "iPhone Developer";
				COPY_PHASE_STRIP = NO;
				DEBUG_INFORMATION_FORMAT = dwarf;
				ENABLE_STRICT_OBJC_MSGSEND = YES;
				ENABLE_TESTABILITY = YES;
				GCC_C_LANGUAGE_STANDARD = gnu99;
				GCC_DYNAMIC_NO_PIC = NO;
				GCC_NO_COMMON_BLOCKS = YES;
				GCC_OPTIMIZATION_LEVEL = s;
				GCC_PREPROCESSOR_DEFINITIONS = (
					"DEBUG=1",
					"$(inherited)",
				);
				GCC_WARN_64_TO_32_BIT_CONVERSION = YES;
				GCC_WARN_ABOUT_RETURN_TYPE = YES_ERROR;
				GCC_WARN_UNDECLARED_SELECTOR = YES;
				GCC_WARN_UNINITIALIZED_AUTOS = YES_AGGRESSIVE;
				GCC_WARN_UNUSED_FUNCTION = YES;
				GCC_WARN_UNUSED_VARIABLE = YES;
				IPHONEOS_DEPLOYMENT_TARGET = 10.3;
				MTL_ENABLE_DEBUG_INFO = YES;
				ONLY_ACTIVE_ARCH = YES;
				SDKROOT = iphoneos;
				SWIFT_ACTIVE_COMPILATION_CONDITIONS = DEBUG;
				SWIFT_OPTIMIZATION_LEVEL = "-Onone";
			};
			name = Debug;
		};
		93B315301ED02DDE00DCA53E /* Release */ = {
			isa = XCBuildConfiguration;
			buildSettings = {
				ALWAYS_SEARCH_USER_PATHS = NO;
				CLANG_ANALYZER_LOCALIZABILITY_NONLOCALIZED = YES;
				CLANG_ANALYZER_NONNULL = YES;
				CLANG_ANALYZER_NUMBER_OBJECT_CONVERSION = YES_AGGRESSIVE;
				CLANG_CXX_LANGUAGE_STANDARD = "gnu++0x";
				CLANG_CXX_LIBRARY = "libc++";
				CLANG_ENABLE_MODULES = YES;
				CLANG_ENABLE_OBJC_ARC = YES;
				CLANG_WARN_BLOCK_CAPTURE_AUTORELEASING = YES;
				CLANG_WARN_BOOL_CONVERSION = YES;
				CLANG_WARN_COMMA = YES;
				CLANG_WARN_CONSTANT_CONVERSION = YES;
				CLANG_WARN_DIRECT_OBJC_ISA_USAGE = YES_ERROR;
				CLANG_WARN_DOCUMENTATION_COMMENTS = YES;
				CLANG_WARN_EMPTY_BODY = YES;
				CLANG_WARN_ENUM_CONVERSION = YES;
				CLANG_WARN_INFINITE_RECURSION = YES;
				CLANG_WARN_INT_CONVERSION = YES;
				CLANG_WARN_NON_LITERAL_NULL_CONVERSION = YES;
				CLANG_WARN_OBJC_LITERAL_CONVERSION = YES;
				CLANG_WARN_OBJC_ROOT_CLASS = YES_ERROR;
				CLANG_WARN_RANGE_LOOP_ANALYSIS = YES;
				CLANG_WARN_STRICT_PROTOTYPES = YES;
				CLANG_WARN_SUSPICIOUS_MOVE = YES;
				CLANG_WARN_UNREACHABLE_CODE = YES;
				CLANG_WARN__DUPLICATE_METHOD_MATCH = YES;
				"CODE_SIGN_IDENTITY[sdk=iphoneos*]" = "iPhone Developer";
				COPY_PHASE_STRIP = NO;
				DEBUG_INFORMATION_FORMAT = "dwarf-with-dsym";
				ENABLE_NS_ASSERTIONS = NO;
				ENABLE_STRICT_OBJC_MSGSEND = YES;
				GCC_C_LANGUAGE_STANDARD = gnu99;
				GCC_NO_COMMON_BLOCKS = YES;
				GCC_WARN_64_TO_32_BIT_CONVERSION = YES;
				GCC_WARN_ABOUT_RETURN_TYPE = YES_ERROR;
				GCC_WARN_UNDECLARED_SELECTOR = YES;
				GCC_WARN_UNINITIALIZED_AUTOS = YES_AGGRESSIVE;
				GCC_WARN_UNUSED_FUNCTION = YES;
				GCC_WARN_UNUSED_VARIABLE = YES;
				IPHONEOS_DEPLOYMENT_TARGET = 10.3;
				MTL_ENABLE_DEBUG_INFO = NO;
				SDKROOT = iphoneos;
				SWIFT_OPTIMIZATION_LEVEL = "-Owholemodule";
				VALIDATE_PRODUCT = YES;
			};
			name = Release;
		};
		93B315321ED02DDE00DCA53E /* Debug */ = {
			isa = XCBuildConfiguration;
			baseConfigurationReference = F06F62AC6B7DB98D4F94F5FF /* Pods-Trekkingfy.debug.xcconfig */;
			buildSettings = {
				ASSETCATALOG_COMPILER_APPICON_NAME = AppIcon;
				DEVELOPMENT_TEAM = RKD82WWETR;
				INFOPLIST_FILE = Trekkingfy/Info.plist;
				LD_RUNPATH_SEARCH_PATHS = "$(inherited) @executable_path/Frameworks";
				PRODUCT_BUNDLE_IDENTIFIER = com.riccardorizzo.trekkingfy;
				PRODUCT_NAME = "$(TARGET_NAME)";
				SWIFT_VERSION = 3.0;
			};
			name = Debug;
		};
		93B315331ED02DDE00DCA53E /* Release */ = {
			isa = XCBuildConfiguration;
			baseConfigurationReference = D71A62749D98FC1D809AA0B8 /* Pods-Trekkingfy.release.xcconfig */;
			buildSettings = {
				ASSETCATALOG_COMPILER_APPICON_NAME = AppIcon;
				DEVELOPMENT_TEAM = RKD82WWETR;
				INFOPLIST_FILE = Trekkingfy/Info.plist;
				LD_RUNPATH_SEARCH_PATHS = "$(inherited) @executable_path/Frameworks";
				PRODUCT_BUNDLE_IDENTIFIER = com.riccardorizzo.trekkingfy;
				PRODUCT_NAME = "$(TARGET_NAME)";
				SWIFT_VERSION = 3.0;
			};
			name = Release;
		};
/* End XCBuildConfiguration section */

/* Begin XCConfigurationList section */
		93B315041ED02DDD00DCA53E /* Build configuration list for PBXProject "Trekkingfy" */ = {
			isa = XCConfigurationList;
			buildConfigurations = (
				93B3152F1ED02DDE00DCA53E /* Debug */,
				93B315301ED02DDE00DCA53E /* Release */,
			);
			defaultConfigurationIsVisible = 0;
			defaultConfigurationName = Release;
		};
		93B315311ED02DDE00DCA53E /* Build configuration list for PBXNativeTarget "Trekkingfy" */ = {
			isa = XCConfigurationList;
			buildConfigurations = (
				93B315321ED02DDE00DCA53E /* Debug */,
				93B315331ED02DDE00DCA53E /* Release */,
			);
			defaultConfigurationIsVisible = 0;
			defaultConfigurationName = Release;
		};
/* End XCConfigurationList section */
	};
	rootObject = 93B315011ED02DDD00DCA53E /* Project object */;
}
